# This file is autogenerated, do not edit; changes may be undone by the next 'dep ensure'.


[[projects]]
  digest = "1:e02b687ade0c19c038ecce3ea326d756519adc4bba1203a9e76d620b12354892"
  name = "github.com/google/flatbuffers"
  packages = ["go"]
  pruneopts = "UT"
  revision = "c0698cc33f1e534bb59c455909b88cc2726089af"
  version = "v1.10.0"

[[projects]]
  digest = "1:560bc0945ab823044c2328951d6fa20c27da2386681bb6813a3df1f157297564"
  name = "github.com/nanomsg/mangos-v2"
  packages = ["."]
  pruneopts = "UT"
  revision = "c289f0f3165d00720e9dcef856b52d799f0bb008"
  version = "v1.4.0"

[solve-meta]
  analyzer-name = "dep"
  analyzer-version = 1
  input-imports = [
    "github.com/google/flatbuffers/go",
    "github.com/nanomsg/mangos-v2",
  ]
  solver-name = "gps-cdcl"
  solver-version = 1
