# This file is autogenerated, do not edit; changes may be undone by the next 'dep ensure'.


[[projects]]
  digest = "1:f9ae348e1f793dcf9ed930ed47136a67343dbd6809c5c91391322267f4476892"
  name = "github.com/Microsoft/go-winio"
  packages = ["."]
  pruneopts = "UT"
  revision = "97e4973ce50b2ff5f09635a57e2b88a037aae829"
  version = "v0.4.11"

[[projects]]
  digest = "1:e02b687ade0c19c038ecce3ea326d756519adc4bba1203a9e76d620b12354892"
  name = "github.com/google/flatbuffers"
  packages = ["go"]
  pruneopts = "UT"
  revision = "c0698cc33f1e534bb59c455909b88cc2726089af"
  version = "v1.10.0"

[[projects]]
  digest = "1:7b5c6e2eeaa9ae5907c391a91c132abfd5c9e8a784a341b5625e750c67e6825d"
  name = "github.com/gorilla/websocket"
  packages = ["."]
  pruneopts = "UT"
  revision = "66b9c49e59c6c48f0ffce28c2d8b8a5678502c6d"
  version = "v1.4.0"

[[projects]]
  branch = "master"
  digest = "1:68a4638398cf8c864a6aa50c8853ebe7935f939aa3acf7e44cb35b67852e9fef"
  name = "golang.org/x/sys"
  packages = ["windows"]
  pruneopts = "UT"
  revision = "b4a75ba826a64a70990f11a225237acd6ef35c9f"

[[projects]]
  digest = "1:8c579e41fff85e994f3de4dcfac49c41e80b3fc647d234acd079f950e889e847"
  name = "nanomsg.org/go/mangos/v2"
  packages = [
    ".",
    "errors",
    "internal/core",
    "protocol",
    "protocol/bus",
    "protocol/xbus",
    "transport",
    "transport/all",
    "transport/inproc",
    "transport/ipc",
    "transport/tcp",
    "transport/tlstcp",
    "transport/ws",
    "transport/wss",
  ]
  pruneopts = "UT"
  revision = "63f66a65137b9a648ac9f7bf0160b4a4d17d7999"
  version = "v2.0.1"

[solve-meta]
  analyzer-name = "dep"
  analyzer-version = 1
  input-imports = [
    "github.com/google/flatbuffers/go",
    "nanomsg.org/go/mangos/v2",
    "nanomsg.org/go/mangos/v2/protocol/bus",
    "nanomsg.org/go/mangos/v2/transport/all",
  ]
  solver-name = "gps-cdcl"
  solver-version = 1
