# THIS IS AN AUTOGENERATED FILE. DO NOT EDIT THIS FILE DIRECTLY.
# yarn lockfile v1


bindings@1.2.1:
  version "1.2.1"
  resolved "https://registry.yarnpkg.com/bindings/-/bindings-1.2.1.tgz#14ad6113812d2d37d72e67b4cacb4bb726505f11"
  integrity sha1-FK1hE4EtLTfXLme0ystLtyZQXxE=

nan@2.8:
  version "2.8.0"
  resolved "https://registry.yarnpkg.com/nan/-/nan-2.8.0.tgz#ed715f3fe9de02b57a5e6252d90a96675e1f085a"
  integrity sha1-7XFfP+neArV6XmJS2QqWZ14fCFo=

nanomsg@^4.0.2:
  version "4.0.2"
  resolved "https://registry.yarnpkg.com/nanomsg/-/nanomsg-4.0.2.tgz#de721f6ddb573b3ae1bf3a4bfec016390632ffb5"
  integrity sha512-m4FO8uqvkIglzKG7vt0hK1d+cQR1SSssxaCnYUa3SELOO//yal1q8voCgZN/QYQa8WckqzfghyLfDwzNJPg4Tg==
  dependencies:
    bindings "1.2.1"
    nan "2.8"
